
Microsoft Visual Studio Solution File, Format Version 12.00
# Visual Studio Version 16
VisualStudioVersion = 16.0.30114.105
MinimumVisualStudioVersion = 10.0.40219.1
Project("{2150E333-8FDC-42A3-9474-1A3956D46DE8}") = "src", "src", "{B30993B3-138F-4153-9787-A2F1D919A05D}"
EndProject
Project("{2150E333-8FDC-42A3-9474-1A3956D46DE8}") = "Gateways", "Gateways", "{2E1BDBCF-9D61-4F94-8E22-303F3F740B7C}"
EndProject
Project("{2150E333-8FDC-42A3-9474-1A3956D46DE8}") = "Services", "Services", "{9177BD93-3038-4C51-B748-FD18383EFF3A}"
EndProject
Global
	GlobalSection(SolutionConfigurationPlatforms) = preSolution
		Debug|Any CPU = Debug|Any CPU
		Debug|x64 = Debug|x64
		Debug|x86 = Debug|x86
		Release|Any CPU = Release|Any CPU
		Release|x64 = Release|x64
		Release|x86 = Release|x86
	EndGlobalSection
	GlobalSection(SolutionProperties) = preSolution
		HideSolutionNode = FALSE
	EndGlobalSection
	GlobalSection(ProjectConfigurationPlatforms) = postSolution
	EndGlobalSection
	GlobalSection(NestedProjects) = preSolution
		{2E1BDBCF-9D61-4F94-8E22-303F3F740B7C} = {B30993B3-138F-4153-9787-A2F1D919A05D}
		{9177BD93-3038-4C51-B748-FD18383EFF3A} = {B30993B3-138F-4153-9787-A2F1D919A05D}
	EndGlobalSection
EndGlobal
